<?xml version="1.0" encoding="utf-8"?>
<Project ToolsVersion="4.0" xmlns="http://schemas.microsoft.com/developer/msbuild/2003">
  <ItemGroup>
    <Filter Include="Source Files">
      <UniqueIdentifier>{3dbf626c-82ca-421d-af1a-50e627f7717a}</UniqueIdentifier>
      <Extensions>cpp;c;cxx;def;odl;idl;hpj;bat;asm</Extensions>
    </Filter>
    <Filter Include="Header Files">
      <UniqueIdentifier>{8428be8b-7401-4cfd-ae9e-9311ebd34c5d}</UniqueIdentifier>
      <Extensions>h;hpp;hxx;hm;inl;inc</Extensions>
    </Filter>
    <Filter Include="Resource Files">
      <UniqueIdentifier>{fb0ec344-1330-4765-87e4-eb8a2e8710bf}</UniqueIdentifier>
      <Extensions>rc;ico;cur;bmp;dlg;rc2;rct;bin;rgs;gif;jpg;jpeg;jpe</Extensions>
    </Filter>
  </ItemGroup>
  <ItemGroup>
    <ClCompile Include="AlienSprite.cpp">
      <Filter>Source Files</Filter>
    </ClCompile>
    <ClCompile Include="Background.cpp">
      <Filter>Source Files</Filter>
    </ClCompile>
    <ClCompile Include="Bitmap.cpp">
      <Filter>Source Files</Filter>
    </ClCompile>
    <ClCompile Include="GameEngine.cpp">
      <Filter>Source Files</Filter>
    </ClCompile>
    <ClCompile Include="SpaceOut.cpp">
      <Filter>Source Files</Filter>
    </ClCompile>
    <ClCompile Include="Sprite.cpp">
      <Filter>Source Files</Filter>
    </ClCompile>
  </ItemGroup>
  <ItemGroup>
    <ClInclude Include="AlienSprite.h">
      <Filter>Header Files</Filter>
    </ClInclude>
    <ClInclude Include="Background.h">
      <Filter>Header Files</Filter>
    </ClInclude>
    <ClInclude Include="Bitmap.h">
      <Filter>Header Files</Filter>
    </ClInclude>
    <ClInclude Include="GameEngine.h">
      <Filter>Header Files</Filter>
    </ClInclude>
    <ClInclude Include="Resource.h">
      <Filter>Header Files</Filter>
    </ClInclude>
    <ClInclude Include="SpaceOut.h">
      <Filter>Header Files</Filter>
    </ClInclude>
    <ClInclude Include="Sprite.h">
      <Filter>Header Files</Filter>
    </ClInclude>
  </ItemGroup>
  <ItemGroup>
    <None Include="SpaceOut.ico">
      <Filter>Resource Files</Filter>
    </None>
    <None Include="SpaceOut_sm.ico">
      <Filter>Resource Files</Filter>
    </None>
    <None Include="powerup1.bmp">
      <Filter>Resource Files</Filter>
    </None>
    <None Include="Splash.bmp">
      <Filter>Resource Files</Filter>
    </None>
    <None Include="Desert.bmp">
      <Filter>Resource Files</Filter>
    </None>
    <None Include="Car.bmp">
      <Filter>Resource Files</Filter>
    </None>
    <None Include="SmCar.bmp">
      <Filter>Resource Files</Filter>
    </None>
    <None Include="Missile.bmp">
      <Filter>Resource Files</Filter>
    </None>
    <None Include="Blobbo.bmp">
      <Filter>Resource Files</Filter>
    </None>
    <None Include="BMissile.bmp">
      <Filter>Resource Files</Filter>
    </None>
    <None Include="Jelly.bmp">
      <Filter>Resource Files</Filter>
    </None>
    <None Include="JMissile.bmp">
      <Filter>Resource Files</Filter>
    </None>
    <None Include="Timmy.bmp">
      <Filter>Resource Files</Filter>
    </None>
    <None Include="TMissile.bmp">
      <Filter>Resource Files</Filter>
    </None>
    <None Include="SmExplosion.bmp">
      <Filter>Resource Files</Filter>
    </None>
    <None Include="LgExplosion.bmp">
      <Filter>Resource Files</Filter>
    </None>
    <None Include="GameOver.bmp">
      <Filter>Resource Files</Filter>
    </None>
    <None Include="Missile.wav" />
    <None Include="BMissile.wav" />
    <None Include="JMissile.wav" />
    <None Include="TMissile.wav" />
    <None Include="SmExplode.wav" />
    <None Include="LgExplode.wav" />
    <None Include="GameOver.wav" />
  </ItemGroup>
  <ItemGroup>
    <ResourceCompile Include="SpaceOut.rc">
      <Filter>Resource Files</Filter>
    </ResourceCompile>
  </ItemGroup>
</Project>